{
    "name": "@jx3box/jx3box-dict",
    "version": "1.1.1",
    "lockfileVersion": 1,
    "requires": true,
    "dependencies": {
        "csv-parse": {
            "version": "4.8.7",
            "resolved": "https://registry.npm.taobao.org/csv-parse/download/csv-parse-4.8.7.tgz",
            "integrity": "sha1-jJOZS2Rg47T0uOgW6eFo7IcDkd8=",
            "dev": true
        },
        "iconv-lite": {
            "version": "0.5.1",
            "resolved": "https://registry.npm.taobao.org/iconv-lite/download/iconv-lite-0.5.1.tgz?cache=0&sync_timestamp=1579333981154&other_urls=https%3A%2F%2Fregistry.npm.taobao.org%2Ficonv-lite%2Fdownload%2Ficonv-lite-0.5.1.tgz",
            "integrity": "sha1-skJdPHsY9yGfLKZj0QO925FxjWQ=",
            "dev": true,
            "requires": {
                "safer-buffer": ">= 2.1.2 < 3"
            }
        },
        "safer-buffer": {
            "version": "2.1.2",
            "resolved": "https://registry.npm.taobao.org/safer-buffer/download/safer-buffer-2.1.2.tgz?cache=0&other_urls=https%3A%2F%2Fregistry.npm.taobao.org%2Fsafer-buffer%2Fdownload%2Fsafer-buffer-2.1.2.tgz",
            "integrity": "sha1-RPoWGwGHuVSd2Eu5GAL5vYOFzWo=",
            "dev": true
        }
    }
}
